
Microsoft Visual Studio Solution File, Format Version 12.00
# Visual Studio Version 17
VisualStudioVersion = 17.2.32616.157
MinimumVisualStudioVersion = 10.0.40219.1
Project("{FAE04EC0-301F-11D3-BF4B-00C04F79EFBC}") = "bot_dz_", "bot_dz_\bot_dz_.csproj", "{7AF99C5C-B1D5-4CAA-9F14-D34C402789AA}"
EndProject
Global
	GlobalSection(SolutionConfigurationPlatforms) = preSolution
		Debug|Any CPU = Debug|Any CPU
		Release|Any CPU = Release|Any CPU
	EndGlobalSection
	GlobalSection(ProjectConfigurationPlatforms) = postSolution
		{7AF99C5C-B1D5-4CAA-9F14-D34C402789AA}.Debug|Any CPU.ActiveCfg = Debug|Any CPU
		{7AF99C5C-B1D5-4CAA-9F14-D34C402789AA}.Debug|Any CPU.Build.0 = Debug|Any CPU
		{7AF99C5C-B1D5-4CAA-9F14-D34C402789AA}.Release|Any CPU.ActiveCfg = Release|Any CPU
		{7AF99C5C-B1D5-4CAA-9F14-D34C402789AA}.Release|Any CPU.Build.0 = Release|Any CPU
	EndGlobalSection
	GlobalSection(SolutionProperties) = preSolution
		HideSolutionNode = FALSE
	EndGlobalSection
	GlobalSection(ExtensibilityGlobals) = postSolution
		SolutionGuid = {A23AE221-0F50-4DD6-9A02-EE702A3BAD36}
	EndGlobalSection
EndGlobal
